
Microsoft Visual Studio Solution File, Format Version 12.00
# Visual Studio Version 17
VisualStudioVersion = 17.2.32616.157
MinimumVisualStudioVersion = 10.0.40219.1
Project("{FAE04EC0-301F-11D3-BF4B-00C04F79EFBC}") = "s3_task", "s3_task\s3_task.csproj", "{49CD1EC2-C251-42A4-AC84-116F6CBC818A}"
EndProject
Global
	GlobalSection(SolutionConfigurationPlatforms) = preSolution
		Debug|Any CPU = Debug|Any CPU
		Release|Any CPU = Release|Any CPU
	EndGlobalSection
	GlobalSection(ProjectConfigurationPlatforms) = postSolution
		{49CD1EC2-C251-42A4-AC84-116F6CBC818A}.Debug|Any CPU.ActiveCfg = Debug|Any CPU
		{49CD1EC2-C251-42A4-AC84-116F6CBC818A}.Debug|Any CPU.Build.0 = Debug|Any CPU
		{49CD1EC2-C251-42A4-AC84-116F6CBC818A}.Release|Any CPU.ActiveCfg = Release|Any CPU
		{49CD1EC2-C251-42A4-AC84-116F6CBC818A}.Release|Any CPU.Build.0 = Release|Any CPU
	EndGlobalSection
	GlobalSection(SolutionProperties) = preSolution
		HideSolutionNode = FALSE
	EndGlobalSection
	GlobalSection(ExtensibilityGlobals) = postSolution
		SolutionGuid = {2DD3F477-2B1B-4ADE-8B6C-B66E7415B150}
	EndGlobalSection
EndGlobal
